
Microsoft Visual Studio Solution File, Format Version 12.00
Project("{FAE04EC0-301F-11D3-BF4B-00C04F79EFBC}") = "Lab 1", "Lab 1\Lab 1.csproj", "{AD963BA2-B3D9-45CC-8868-8870DE71205D}"
EndProject
Project("{FAE04EC0-301F-11D3-BF4B-00C04F79EFBC}") = "Lab 2", "Lab 2\Lab 2.csproj", "{C36C5FFA-47B7-4F87-800F-B4105C309534}"
EndProject
Project("{FAE04EC0-301F-11D3-BF4B-00C04F79EFBC}") = "Lab 3", "Lab 3\Lab 3.csproj", "{B1EE5CC3-341F-4819-81FC-7E18D7101180}"
EndProject
Project("{FAE04EC0-301F-11D3-BF4B-00C04F79EFBC}") = "Lab 4", "Lab 4\Lab 4.csproj", "{24388A91-2F1D-4E29-8309-4435BCA41A55}"
EndProject
Project("{FAE04EC0-301F-11D3-BF4B-00C04F79EFBC}") = "Experiments", "Experiments\Experiments.csproj", "{EA68794A-446F-42EC-AEE7-B8C2BE41BAB3}"
EndProject
Project("{FAE04EC0-301F-11D3-BF4B-00C04F79EFBC}") = "Lab 6", "Lab 6\Lab 6.csproj", "{A39D75D6-DA76-414B-B80F-3EED1E98BC4E}"
EndProject
Project("{FAE04EC0-301F-11D3-BF4B-00C04F79EFBC}") = "Lab 5", "Lab 5\Lab 5.csproj", "{0C73B221-148A-40E2-9B38-7D22A873269C}"
EndProject
Global
	GlobalSection(SolutionConfigurationPlatforms) = preSolution
		Debug|Any CPU = Debug|Any CPU
		Release|Any CPU = Release|Any CPU
	EndGlobalSection
	GlobalSection(ProjectConfigurationPlatforms) = postSolution
		{AD963BA2-B3D9-45CC-8868-8870DE71205D}.Debug|Any CPU.ActiveCfg = Debug|Any CPU
		{AD963BA2-B3D9-45CC-8868-8870DE71205D}.Debug|Any CPU.Build.0 = Debug|Any CPU
		{AD963BA2-B3D9-45CC-8868-8870DE71205D}.Release|Any CPU.ActiveCfg = Release|Any CPU
		{AD963BA2-B3D9-45CC-8868-8870DE71205D}.Release|Any CPU.Build.0 = Release|Any CPU
		{C36C5FFA-47B7-4F87-800F-B4105C309534}.Debug|Any CPU.ActiveCfg = Debug|Any CPU
		{C36C5FFA-47B7-4F87-800F-B4105C309534}.Debug|Any CPU.Build.0 = Debug|Any CPU
		{C36C5FFA-47B7-4F87-800F-B4105C309534}.Release|Any CPU.ActiveCfg = Release|Any CPU
		{C36C5FFA-47B7-4F87-800F-B4105C309534}.Release|Any CPU.Build.0 = Release|Any CPU
		{B1EE5CC3-341F-4819-81FC-7E18D7101180}.Debug|Any CPU.ActiveCfg = Debug|Any CPU
		{B1EE5CC3-341F-4819-81FC-7E18D7101180}.Debug|Any CPU.Build.0 = Debug|Any CPU
		{B1EE5CC3-341F-4819-81FC-7E18D7101180}.Release|Any CPU.ActiveCfg = Release|Any CPU
		{B1EE5CC3-341F-4819-81FC-7E18D7101180}.Release|Any CPU.Build.0 = Release|Any CPU
		{24388A91-2F1D-4E29-8309-4435BCA41A55}.Debug|Any CPU.ActiveCfg = Debug|Any CPU
		{24388A91-2F1D-4E29-8309-4435BCA41A55}.Debug|Any CPU.Build.0 = Debug|Any CPU
		{24388A91-2F1D-4E29-8309-4435BCA41A55}.Release|Any CPU.ActiveCfg = Release|Any CPU
		{24388A91-2F1D-4E29-8309-4435BCA41A55}.Release|Any CPU.Build.0 = Release|Any CPU
		{EA68794A-446F-42EC-AEE7-B8C2BE41BAB3}.Debug|Any CPU.ActiveCfg = Debug|Any CPU
		{EA68794A-446F-42EC-AEE7-B8C2BE41BAB3}.Debug|Any CPU.Build.0 = Debug|Any CPU
		{EA68794A-446F-42EC-AEE7-B8C2BE41BAB3}.Release|Any CPU.ActiveCfg = Release|Any CPU
		{EA68794A-446F-42EC-AEE7-B8C2BE41BAB3}.Release|Any CPU.Build.0 = Release|Any CPU
		{A39D75D6-DA76-414B-B80F-3EED1E98BC4E}.Debug|Any CPU.ActiveCfg = Debug|Any CPU
		{A39D75D6-DA76-414B-B80F-3EED1E98BC4E}.Debug|Any CPU.Build.0 = Debug|Any CPU
		{A39D75D6-DA76-414B-B80F-3EED1E98BC4E}.Release|Any CPU.ActiveCfg = Release|Any CPU
		{A39D75D6-DA76-414B-B80F-3EED1E98BC4E}.Release|Any CPU.Build.0 = Release|Any CPU
		{0C73B221-148A-40E2-9B38-7D22A873269C}.Debug|Any CPU.ActiveCfg = Debug|Any CPU
		{0C73B221-148A-40E2-9B38-7D22A873269C}.Debug|Any CPU.Build.0 = Debug|Any CPU
		{0C73B221-148A-40E2-9B38-7D22A873269C}.Release|Any CPU.ActiveCfg = Release|Any CPU
		{0C73B221-148A-40E2-9B38-7D22A873269C}.Release|Any CPU.Build.0 = Release|Any CPU
	EndGlobalSection
EndGlobal
